
Microsoft Visual Studio Solution File, Format Version 12.00
# Visual Studio Version 17
VisualStudioVersion = 17.10.34916.146
MinimumVisualStudioVersion = 10.0.40219.1
Project("{9A19103F-16F7-4668-BE54-9A1E7A4F7556}") = "Trucks.Domain", "Trucks.Domain\Trucks.Domain.csproj", "{9AE2F554-2D6A-4EEC-AFCF-06AAF7DC034E}"
EndProject
Project("{9A19103F-16F7-4668-BE54-9A1E7A4F7556}") = "Trucks.Application", "Trucks.Application\Trucks.Application.csproj", "{3A4FCD5A-BB78-493D-B7F1-E56FE8800500}"
EndProject
Project("{9A19103F-16F7-4668-BE54-9A1E7A4F7556}") = "Trucks.Infra", "Trucks.Infra\Trucks.Infra.csproj", "{E6DC28DE-79D9-484A-B434-071EE5AF32E2}"
EndProject
Project("{FAE04EC0-301F-11D3-BF4B-00C04F79EFBC}") = "Trucks.UnitTest", "Trucks.UnitTest\Trucks.UnitTest.csproj", "{53ED0E6F-F09C-433B-995D-BCC7BC658FEB}"
EndProject
Project("{FAE04EC0-301F-11D3-BF4B-00C04F79EFBC}") = "Trucks.API", "Trucks.API\Trucks.API.csproj", "{1560E63C-4820-4A0E-BD82-0BB31A4E8C71}"
EndProject
Global
	GlobalSection(SolutionConfigurationPlatforms) = preSolution
		Debug|Any CPU = Debug|Any CPU
		Release|Any CPU = Release|Any CPU
	EndGlobalSection
	GlobalSection(ProjectConfigurationPlatforms) = postSolution
		{9AE2F554-2D6A-4EEC-AFCF-06AAF7DC034E}.Debug|Any CPU.ActiveCfg = Debug|Any CPU
		{9AE2F554-2D6A-4EEC-AFCF-06AAF7DC034E}.Debug|Any CPU.Build.0 = Debug|Any CPU
		{9AE2F554-2D6A-4EEC-AFCF-06AAF7DC034E}.Release|Any CPU.ActiveCfg = Release|Any CPU
		{9AE2F554-2D6A-4EEC-AFCF-06AAF7DC034E}.Release|Any CPU.Build.0 = Release|Any CPU
		{3A4FCD5A-BB78-493D-B7F1-E56FE8800500}.Debug|Any CPU.ActiveCfg = Debug|Any CPU
		{3A4FCD5A-BB78-493D-B7F1-E56FE8800500}.Debug|Any CPU.Build.0 = Debug|Any CPU
		{3A4FCD5A-BB78-493D-B7F1-E56FE8800500}.Release|Any CPU.ActiveCfg = Release|Any CPU
		{3A4FCD5A-BB78-493D-B7F1-E56FE8800500}.Release|Any CPU.Build.0 = Release|Any CPU
		{E6DC28DE-79D9-484A-B434-071EE5AF32E2}.Debug|Any CPU.ActiveCfg = Debug|Any CPU
		{E6DC28DE-79D9-484A-B434-071EE5AF32E2}.Debug|Any CPU.Build.0 = Debug|Any CPU
		{E6DC28DE-79D9-484A-B434-071EE5AF32E2}.Release|Any CPU.ActiveCfg = Release|Any CPU
		{E6DC28DE-79D9-484A-B434-071EE5AF32E2}.Release|Any CPU.Build.0 = Release|Any CPU
		{53ED0E6F-F09C-433B-995D-BCC7BC658FEB}.Debug|Any CPU.ActiveCfg = Debug|Any CPU
		{53ED0E6F-F09C-433B-995D-BCC7BC658FEB}.Debug|Any CPU.Build.0 = Debug|Any CPU
		{53ED0E6F-F09C-433B-995D-BCC7BC658FEB}.Release|Any CPU.ActiveCfg = Release|Any CPU
		{53ED0E6F-F09C-433B-995D-BCC7BC658FEB}.Release|Any CPU.Build.0 = Release|Any CPU
		{1560E63C-4820-4A0E-BD82-0BB31A4E8C71}.Debug|Any CPU.ActiveCfg = Debug|Any CPU
		{1560E63C-4820-4A0E-BD82-0BB31A4E8C71}.Debug|Any CPU.Build.0 = Debug|Any CPU
		{1560E63C-4820-4A0E-BD82-0BB31A4E8C71}.Release|Any CPU.ActiveCfg = Release|Any CPU
		{1560E63C-4820-4A0E-BD82-0BB31A4E8C71}.Release|Any CPU.Build.0 = Release|Any CPU
	EndGlobalSection
	GlobalSection(SolutionProperties) = preSolution
		HideSolutionNode = FALSE
	EndGlobalSection
	GlobalSection(ExtensibilityGlobals) = postSolution
		SolutionGuid = {C857A316-6202-4DA2-87D8-C8CAF7C3A61D}
	EndGlobalSection
EndGlobal
